{
    "_meta": {
        "hash": {
            "sha256": "05ae497840f7110f5b2f1843cdc75938ac76c52d85ff6e1a03d8b659b978b2ed"
        },
        "pipfile-spec": 6,
        "requires": {
            "python_version": "3.7"
        },
        "sources": [
            {
                "name": "pypi",
                "url": "https://pypi.org/simple",
                "verify_ssl": true
            }
        ]
    },
    "default": {
        "aiofiles": {
            "hashes": [
                "sha256:e0281b157d3d5d59d803e3f4557dcc9a3dff28a4dd4829a9ff478adae50ca092"
            ],
            "version": "==0.6.0"
        },
        "aniso8601": {
            "hashes": [
                "sha256:513d2b6637b7853806ae79ffaca6f3e8754bdd547048f5ccc1420aec4b714f1e",
                "sha256:d10a4bf949f619f719b227ef5386e31f49a2b6d453004b21f02661ccc8670c7b"
            ],
            "version": "==7.0.0"
        },
        "async-exit-stack": {
            "hashes": [
                "sha256:24de1ad6d0ff27be97c89d6709fa49bf20db179eaf1f4d2e6e9b4409b80e747d",
                "sha256:9b43b17683b3438f428ef3bbec20689f5abbb052aa4b564c643397330adfaa99"
            ],
            "version": "==1.0.1"
        },
        "async-generator": {
            "hashes": [
                "sha256:01c7bf666359b4967d2cda0000cc2e4af16a0ae098cbffcb8472fb9e8ad6585b",
                "sha256:6ebb3d106c12920aaae42ccb6f787ef5eefdcdd166ea3d628fa8476abe712144"
            ],
            "version": "==1.10"
        },
        "cachetools": {
            "hashes": [
                "sha256:9a52dd97a85f257f4e4127f15818e71a0c7899f121b34591fcc1173ea79a0198",
                "sha256:b304586d357c43221856be51d73387f93e2a961598a9b6b6670664746f3b6c6c"
            ],
            "index": "pypi",
            "version": "==4.0.0"
        },
        "certifi": {
            "hashes": [
                "sha256:5930595817496dd21bb8dc35dad090f1c2cd0adfaf21204bf6732ca5d8ee34d3",
                "sha256:8fc0819f1f30ba15bdb34cceffb9ef04d99f420f68eb75d901e9560b8749fc41"
            ],
            "version": "==2020.6.20"
        },
        "cffi": {
            "hashes": [
                "sha256:005f2bfe11b6745d726dbb07ace4d53f057de66e336ff92d61b8c7e9c8f4777d",
                "sha256:09e96138280241bd355cd585148dec04dbbedb4f46128f340d696eaafc82dd7b",
                "sha256:0b1ad452cc824665ddc682400b62c9e4f5b64736a2ba99110712fdee5f2505c4",
                "sha256:0ef488305fdce2580c8b2708f22d7785ae222d9825d3094ab073e22e93dfe51f",
                "sha256:15f351bed09897fbda218e4db5a3d5c06328862f6198d4fb385f3e14e19decb3",
                "sha256:22399ff4870fb4c7ef19fff6eeb20a8bbf15571913c181c78cb361024d574579",
                "sha256:23e5d2040367322824605bc29ae8ee9175200b92cb5483ac7d466927a9b3d537",
                "sha256:2791f68edc5749024b4722500e86303a10d342527e1e3bcac47f35fbd25b764e",
                "sha256:2f9674623ca39c9ebe38afa3da402e9326c245f0f5ceff0623dccdac15023e05",
                "sha256:3363e77a6176afb8823b6e06db78c46dbc4c7813b00a41300a4873b6ba63b171",
                "sha256:33c6cdc071ba5cd6d96769c8969a0531be2d08c2628a0143a10a7dcffa9719ca",
                "sha256:3b8eaf915ddc0709779889c472e553f0d3e8b7bdf62dab764c8921b09bf94522",
                "sha256:3cb3e1b9ec43256c4e0f8d2837267a70b0e1ca8c4f456685508ae6106b1f504c",
                "sha256:3eeeb0405fd145e714f7633a5173318bd88d8bbfc3dd0a5751f8c4f70ae629bc",
                "sha256:44f60519595eaca110f248e5017363d751b12782a6f2bd6a7041cba275215f5d",
                "sha256:4d7c26bfc1ea9f92084a1d75e11999e97b62d63128bcc90c3624d07813c52808",
                "sha256:529c4ed2e10437c205f38f3691a68be66c39197d01062618c55f74294a4a4828",
                "sha256:6642f15ad963b5092d65aed022d033c77763515fdc07095208f15d3563003869",
                "sha256:85ba797e1de5b48aa5a8427b6ba62cf69607c18c5d4eb747604b7302f1ec382d",
                "sha256:8f0f1e499e4000c4c347a124fa6a27d37608ced4fe9f7d45070563b7c4c370c9",
                "sha256:a624fae282e81ad2e4871bdb767e2c914d0539708c0f078b5b355258293c98b0",
                "sha256:b0358e6fefc74a16f745afa366acc89f979040e0cbc4eec55ab26ad1f6a9bfbc",
                "sha256:bbd2f4dfee1079f76943767fce837ade3087b578aeb9f69aec7857d5bf25db15",
                "sha256:bf39a9e19ce7298f1bd6a9758fa99707e9e5b1ebe5e90f2c3913a47bc548747c",
                "sha256:c11579638288e53fc94ad60022ff1b67865363e730ee41ad5e6f0a17188b327a",
                "sha256:c150eaa3dadbb2b5339675b88d4573c1be3cb6f2c33a6c83387e10cc0bf05bd3",
                "sha256:c53af463f4a40de78c58b8b2710ade243c81cbca641e34debf3396a9640d6ec1",
                "sha256:cb763ceceae04803adcc4e2d80d611ef201c73da32d8f2722e9d0ab0c7f10768",
                "sha256:cc75f58cdaf043fe6a7a6c04b3b5a0e694c6a9e24050967747251fb80d7bce0d",
                "sha256:d80998ed59176e8cba74028762fbd9b9153b9afc71ea118e63bbf5d4d0f9552b",
                "sha256:de31b5164d44ef4943db155b3e8e17929707cac1e5bd2f363e67a56e3af4af6e",
                "sha256:e66399cf0fc07de4dce4f588fc25bfe84a6d1285cc544e67987d22663393926d",
                "sha256:f0620511387790860b249b9241c2f13c3a80e21a73e0b861a2df24e9d6f56730",
                "sha256:f4eae045e6ab2bb54ca279733fe4eb85f1effda392666308250714e01907f394",
                "sha256:f92cdecb618e5fa4658aeb97d5eb3d2f47aa94ac6477c6daf0f306c5a3b9e6b1",
                "sha256:f92f789e4f9241cd262ad7a555ca2c648a98178a953af117ef7fad46aa1d5591"
            ],
            "version": "==1.14.3"
        },
        "chardet": {
            "hashes": [
                "sha256:84ab92ed1c4d4f16916e05906b6b75a6c0fb5db821cc65e70cbd64a3e2a5eaae",
                "sha256:fc323ffcaeaed0e0a02bf4d117757b98aed530d9ed4531e3e15460124c106691"
            ],
            "version": "==3.0.4"
        },
        "click": {
            "hashes": [
                "sha256:d2b5255c7c6349bc1bd1e59e08cd12acbbd63ce649f2588755783aa94dfb6b1a",
                "sha256:dacca89f4bfadd5de3d7489b7c8a566eee0d3676333fbb50030263894c38c0dc"
            ],
            "version": "==7.1.2"
        },
        "cryptography": {
            "hashes": [
                "sha256:22f8251f68953553af4f9c11ec5f191198bc96cff9f0ac5dd5ff94daede0ee6d",
                "sha256:284e275e3c099a80831f9898fb5c9559120d27675c3521278faba54e584a7832",
                "sha256:3e17d02941c0f169c5b877597ca8be895fca0e5e3eb882526a74aa4804380a98",
                "sha256:52a47e60953679eea0b4d490ca3c241fb1b166a7b161847ef4667dfd49e7699d",
                "sha256:57b8c1ed13b8aa386cabbfde3be175d7b155682470b0e259fecfe53850967f8a",
                "sha256:6a8f64ed096d13f92d1f601a92d9fd1f1025dc73a2ca1ced46dcf5e0d4930943",
                "sha256:6e8a3c7c45101a7eeee93102500e1b08f2307c717ff553fcb3c1127efc9b6917",
                "sha256:7ef41304bf978f33cfb6f43ca13bb0faac0c99cda33693aa20ad4f5e34e8cb8f",
                "sha256:87c2fffd61e934bc0e2c927c3764c20b22d7f5f7f812ee1a477de4c89b044ca6",
                "sha256:88069392cd9a1e68d2cfd5c3a2b0d72a44ef3b24b8977a4f7956e9e3c4c9477a",
                "sha256:8a0866891326d3badb17c5fd3e02c926b635e8923fa271b4813cd4d972a57ff3",
                "sha256:8f0fd8b0751d75c4483c534b209e39e918f0d14232c0d8a2a76e687f64ced831",
                "sha256:9a07e6d255053674506091d63ab4270a119e9fc83462c7ab1dbcb495b76307af",
                "sha256:9a8580c9afcdcddabbd064c0a74f337af74ff4529cdf3a12fa2e9782d677a2e5",
                "sha256:bd80bc156d3729b38cb227a5a76532aef693b7ac9e395eea8063ee50ceed46a5",
                "sha256:d1cbc3426e6150583b22b517ef3720036d7e3152d428c864ff0f3fcad2b97591",
                "sha256:e15ac84dcdb89f92424cbaca4b0b34e211e7ce3ee7b0ec0e4f3c55cee65fae5a",
                "sha256:e4789b84f8dedf190148441f7c5bfe7244782d9cbb194a36e17b91e7d3e1cca9",
                "sha256:f01c9116bfb3ad2831e125a73dcd957d173d6ddca7701528eff1e7d97972872c",
                "sha256:f0e3986f6cce007216b23c490f093f35ce2068f3c244051e559f647f6731b7ae",
                "sha256:f2aa3f8ba9e2e3fd49bd3de743b976ab192fbf0eb0348cebde5d2a9de0090a9f",
                "sha256:fb70a4cedd69dc52396ee114416a3656e011fb0311fca55eb55c7be6ed9c8aef"
            ],
            "index": "pypi",
            "version": "==3.2"
        },
        "dnspython": {
            "hashes": [
                "sha256:044af09374469c3a39eeea1a146e8cac27daec951f1f1f157b1962fc7cb9d1b7",
                "sha256:40bb3c24b9d4ec12500f0124288a65df232a3aa749bb0c39734b782873a2544d"
            ],
            "version": "==2.0.0"
        },
        "ecdsa": {
            "hashes": [
                "sha256:494c6a853e9ed2e9be33d160b41d47afc50a6629b993d2b9c5ad7bb226add892",
                "sha256:ca359c971594dceebf334f3d623dae43163ab161c7d09f28cae70a86df26eb7a"
            ],
            "version": "==0.16.0"
        },
        "email-validator": {
            "hashes": [
                "sha256:5f246ae8d81ce3000eade06595b7bb55a4cf350d559e890182a1466a21f25067",
                "sha256:63094045c3e802c3d3d575b18b004a531c36243ca8d1cec785ff6bfcb04185bb"
            ],
            "version": "==1.1.1"
        },
        "fastapi": {
            "extras": [
                "all"
            ],
            "hashes": [
                "sha256:a5cb9100d5f2b5dd82addbc2cdf8009258bce45b03ba21d3f5eecc88c7b5a716",
                "sha256:cf26d47ede6bc6e179df951312f55fea7d4005dd53370245e216436ca4e22f22"
            ],
            "index": "pypi",
            "version": "==0.53.2"
        },
        "future": {
            "hashes": [
                "sha256:b1bead90b70cf6ec3f0710ae53a525360fa360d306a86583adc6bf83a4db537d"
            ],
            "version": "==0.18.2"
        },
        "graphene": {
            "hashes": [
                "sha256:09165f03e1591b76bf57b133482db9be6dac72c74b0a628d3c93182af9c5a896",
                "sha256:2cbe6d4ef15cfc7b7805e0760a0e5b80747161ce1b0f990dfdc0d2cf497c12f9"
            ],
            "version": "==2.1.8"
        },
        "graphql-core": {
            "hashes": [
                "sha256:44c9bac4514e5e30c5a595fac8e3c76c1975cae14db215e8174c7fe995825bad",
                "sha256:aac46a9ac524c9855910c14c48fc5d60474def7f99fd10245e76608eba7af746"
            ],
            "version": "==2.3.2"
        },
        "graphql-relay": {
            "hashes": [
                "sha256:870b6b5304123a38a0b215a79eace021acce5a466bf40cd39fa18cb8528afabb",
                "sha256:ac514cb86db9a43014d7e73511d521137ac12cf0101b2eaa5f0a3da2e10d913d"
            ],
            "version": "==2.0.1"
        },
        "gunicorn": {
            "hashes": [
                "sha256:1904bb2b8a43658807108d59c3f3d56c2b6121a701161de0ddf9ad140073c626",
                "sha256:cd4a810dd51bf497552cf3f863b575dabd73d6ad6a91075b65936b151cbf4f9c"
            ],
            "index": "pypi",
            "version": "==20.0.4"
        },
        "h11": {
            "hashes": [
                "sha256:3c6c61d69c6f13d41f1b80ab0322f1872702a3ba26e12aa864c928f6a43fbaab",
                "sha256:ab6c335e1b6ef34b205d5ca3e228c9299cc7218b049819ec84a388c2525e5d87"
            ],
            "version": "==0.11.0"
        },
        "idna": {
            "hashes": [
                "sha256:b307872f855b18632ce0c21c5e45be78c0ea7ae4c15c828c20788b26921eb3f6",
                "sha256:b97d804b1e9b523befed77c48dacec60e6dcb0b5391d57af6a65a312a90648c0"
            ],
            "version": "==2.10"
        },
        "itsdangerous": {
            "hashes": [
                "sha256:321b033d07f2a4136d3ec762eac9f16a10ccd60f53c0c91af90217ace7ba1f19",
                "sha256:b12271b2047cb23eeb98c8b5622e2e5c5e9abd9784a153e9d8ef9cb4dd09d749"
            ],
            "version": "==1.1.0"
        },
        "jinja2": {
            "hashes": [
                "sha256:89aab215427ef59c34ad58735269eb58b1a5808103067f7bb9d5836c651b3bb0",
                "sha256:f0a4641d3cf955324a89c04f3d94663aa4d638abe8f733ecd3582848e1c37035"
            ],
            "version": "==2.11.2"
        },
        "markupsafe": {
            "hashes": [
                "sha256:00bc623926325b26bb9605ae9eae8a215691f33cae5df11ca5424f06f2d1f473",
                "sha256:09027a7803a62ca78792ad89403b1b7a73a01c8cb65909cd876f7fcebd79b161",
                "sha256:09c4b7f37d6c648cb13f9230d847adf22f8171b1ccc4d5682398e77f40309235",
                "sha256:1027c282dad077d0bae18be6794e6b6b8c91d58ed8a8d89a89d59693b9131db5",
                "sha256:13d3144e1e340870b25e7b10b98d779608c02016d5184cfb9927a9f10c689f42",
                "sha256:24982cc2533820871eba85ba648cd53d8623687ff11cbb805be4ff7b4c971aff",
                "sha256:29872e92839765e546828bb7754a68c418d927cd064fd4708fab9fe9c8bb116b",
                "sha256:43a55c2930bbc139570ac2452adf3d70cdbb3cfe5912c71cdce1c2c6bbd9c5d1",
                "sha256:46c99d2de99945ec5cb54f23c8cd5689f6d7177305ebff350a58ce5f8de1669e",
                "sha256:500d4957e52ddc3351cabf489e79c91c17f6e0899158447047588650b5e69183",
                "sha256:535f6fc4d397c1563d08b88e485c3496cf5784e927af890fb3c3aac7f933ec66",
                "sha256:596510de112c685489095da617b5bcbbac7dd6384aeebeda4df6025d0256a81b",
                "sha256:62fe6c95e3ec8a7fad637b7f3d372c15ec1caa01ab47926cfdf7a75b40e0eac1",
                "sha256:6788b695d50a51edb699cb55e35487e430fa21f1ed838122d722e0ff0ac5ba15",
                "sha256:6dd73240d2af64df90aa7c4e7481e23825ea70af4b4922f8ede5b9e35f78a3b1",
                "sha256:717ba8fe3ae9cc0006d7c451f0bb265ee07739daf76355d06366154ee68d221e",
                "sha256:79855e1c5b8da654cf486b830bd42c06e8780cea587384cf6545b7d9ac013a0b",
                "sha256:7c1699dfe0cf8ff607dbdcc1e9b9af1755371f92a68f706051cc8c37d447c905",
                "sha256:88e5fcfb52ee7b911e8bb6d6aa2fd21fbecc674eadd44118a9cc3863f938e735",
                "sha256:8defac2f2ccd6805ebf65f5eeb132adcf2ab57aa11fdf4c0dd5169a004710e7d",
                "sha256:98c7086708b163d425c67c7a91bad6e466bb99d797aa64f965e9d25c12111a5e",
                "sha256:9add70b36c5666a2ed02b43b335fe19002ee5235efd4b8a89bfcf9005bebac0d",
                "sha256:9bf40443012702a1d2070043cb6291650a0841ece432556f784f004937f0f32c",
                "sha256:ade5e387d2ad0d7ebf59146cc00c8044acbd863725f887353a10df825fc8ae21",
                "sha256:b00c1de48212e4cc9603895652c5c410df699856a2853135b3967591e4beebc2",
                "sha256:b1282f8c00509d99fef04d8ba936b156d419be841854fe901d8ae224c59f0be5",
                "sha256:b2051432115498d3562c084a49bba65d97cf251f5a331c64a12ee7e04dacc51b",
                "sha256:ba59edeaa2fc6114428f1637ffff42da1e311e29382d81b339c1817d37ec93c6",
                "sha256:c8716a48d94b06bb3b2524c2b77e055fb313aeb4ea620c8dd03a105574ba704f",
                "sha256:cd5df75523866410809ca100dc9681e301e3c27567cf498077e8551b6d20e42f",
                "sha256:cdb132fc825c38e1aeec2c8aa9338310d29d337bebbd7baa06889d09a60a1fa2",
                "sha256:e249096428b3ae81b08327a63a485ad0878de3fb939049038579ac0ef61e17e7",
                "sha256:e8313f01ba26fbbe36c7be1966a7b7424942f670f38e666995b88d012765b9be"
            ],
            "version": "==1.1.1"
        },
        "orjson": {
            "hashes": [
                "sha256:09f232f527a64b402c3f859fd5260794d8371e182526d01042fa5c8d2428fa21",
                "sha256:20202bfffb234a4e28f5107756dbcbef077ac69ce94dda2ee4e2bb5acee36a73",
                "sha256:2da9eba59520498260931f0ac1bff3a6dc6e646585b5f3bf7e642112ad372fa1",
                "sha256:32489503bbe7d82157026fdbc609e52288f86c95846caebefdaf2210c178079c",
                "sha256:41fc15e893947564ff3b3c58dae1a56becd696582e81b0f7626956e8b614bacd",
                "sha256:4b3276b3bf0d78b7dc928045ca6343e8dcc71482138f9b50278882347094ee53",
                "sha256:5718f3ef1d3b6def54773efb94319dc4d99ed77589ea347d65ff7c849bd4430a",
                "sha256:581a952ccadc0743a283c8efc48fb355966c6983ed0828dfd37935b070558850",
                "sha256:587e0421eaa11b4c44ab40e07d4e94cac8af1b48979c7f424aad6fa0302316da",
                "sha256:6b4919b9da3c8bd818c8390711c4fcb7606a7bdf80c91f8c7c3bfce9964d799b",
                "sha256:7f971e8b108b9720e98530704f61632fa50906622b233433e1852059fd6b4614",
                "sha256:bf3cd6241290147946f4399f69f1f1619ee0e7503c28a65998e5e19685a1f130",
                "sha256:c13be84eae91ea83b2907617a5c90441ac894fb2f494dd17e11880484c9d1273",
                "sha256:efc33a011509b6506e0047abac9fbcb4632d376b2eeb0e9d30475f296ab744cc",
                "sha256:f7f78cf3dc15983a6fa26673611eeded452a0aa1e712993e6d4ceac53ddf69bc",
                "sha256:ff81628157caaef0a395c860c66233d3352e9c698dfe051f37aa1f08be6895f6"
            ],
            "version": "==3.4.1"
        },
        "promise": {
            "hashes": [
                "sha256:dfd18337c523ba4b6a58801c164c1904a9d4d1b1747c7d5dbf45b693a49d93d0"
            ],
            "version": "==2.3"
        },
        "psycopg2-binary": {
            "hashes": [
                "sha256:040234f8a4a8dfd692662a8308d78f63f31a97e1c42d2480e5e6810c48966a29",
                "sha256:086f7e89ec85a6704db51f68f0dcae432eff9300809723a6e8782c41c2f48e03",
                "sha256:18ca813fdb17bc1db73fe61b196b05dd1ca2165b884dd5ec5568877cabf9b039",
                "sha256:19dc39616850342a2a6db70559af55b22955f86667b5f652f40c0e99253d9881",
                "sha256:2166e770cb98f02ed5ee2b0b569d40db26788e0bf2ec3ae1a0d864ea6f1d8309",
                "sha256:3a2522b1d9178575acee4adf8fd9f979f9c0449b00b4164bb63c3475ea6528ed",
                "sha256:3aa773580f85a28ffdf6f862e59cb5a3cc7ef6885121f2de3fca8d6ada4dbf3b",
                "sha256:3b5deaa3ee7180585a296af33e14c9b18c218d148e735c7accf78130765a47e3",
                "sha256:407af6d7e46593415f216c7f56ba087a9a42bd6dc2ecb86028760aa45b802bd7",
                "sha256:4c3c09fb674401f630626310bcaf6cd6285daf0d5e4c26d6e55ca26a2734e39b",
                "sha256:4c6717962247445b4f9e21c962ea61d2e884fc17df5ddf5e35863b016f8a1f03",
                "sha256:50446fae5681fc99f87e505d4e77c9407e683ab60c555ec302f9ac9bffa61103",
                "sha256:5057669b6a66aa9ca118a2a860159f0ee3acf837eda937bdd2a64f3431361a2d",
                "sha256:5dd90c5438b4f935c9d01fcbad3620253da89d19c1f5fca9158646407ed7df35",
                "sha256:659c815b5b8e2a55193ede2795c1e2349b8011497310bb936da7d4745652823b",
                "sha256:69b13fdf12878b10dc6003acc8d0abf3ad93e79813fd5f3812497c1c9fb9be49",
                "sha256:7a1cb80e35e1ccea3e11a48afe65d38744a0e0bde88795cc56a4d05b6e4f9d70",
                "sha256:7e6e3c52e6732c219c07bd97fff6c088f8df4dae3b79752ee3a817e6f32e177e",
                "sha256:7f42a8490c4fe854325504ce7a6e4796b207960dabb2cbafe3c3959cb00d1d7e",
                "sha256:84156313f258eafff716b2961644a4483a9be44a5d43551d554844d15d4d224e",
                "sha256:8578d6b8192e4c805e85f187bc530d0f52ba86c39172e61cd51f68fddd648103",
                "sha256:890167d5091279a27e2505ff0e1fb273f8c48c41d35c5b92adbf4af80e6b2ed6",
                "sha256:98e10634792ac0e9e7a92a76b4991b44c2325d3e7798270a808407355e7bb0a1",
                "sha256:9aadff9032e967865f9778485571e93908d27dab21d0fdfdec0ca779bb6f8ad9",
                "sha256:9f24f383a298a0c0f9b3113b982e21751a8ecde6615494a3f1470eb4a9d70e9e",
                "sha256:a73021b44813b5c84eda4a3af5826dd72356a900bac9bd9dd1f0f81ee1c22c2f",
                "sha256:afd96845e12638d2c44d213d4810a08f4dc4a563f9a98204b7428e567014b1cd",
                "sha256:b73ddf033d8cd4cc9dfed6324b1ad2a89ba52c410ef6877998422fcb9c23e3a8",
                "sha256:b8f490f5fad1767a1331df1259763b3bad7d7af12a75b950c2843ba319b2415f",
                "sha256:dbc5cd56fff1a6152ca59445178652756f4e509f672e49ccdf3d79c1043113a4",
                "sha256:eac8a3499754790187bb00574ab980df13e754777d346f85e0ff6df929bcd964",
                "sha256:eaed1c65f461a959284649e37b5051224f4db6ebdc84e40b5e65f2986f101a08"
            ],
            "index": "pypi",
            "version": "==2.8.4"
        },
        "pyasn1": {
            "hashes": [
                "sha256:39c7e2ec30515947ff4e87fb6f456dfc6e84857d34be479c9d4a4ba4bf46aa5d",
                "sha256:aef77c9fb94a3ac588e87841208bdec464471d9871bd5050a287cc9a475cd0ba"
            ],
            "version": "==0.4.8"
        },
        "pycparser": {
            "hashes": [
                "sha256:2d475327684562c3a96cc71adf7dc8c4f0565175cf86b6d7a404ff4c771f15f0",
                "sha256:7582ad22678f0fcd81102833f60ef8d0e57288b6b5fb00323d101be910e35705"
            ],
            "version": "==2.20"
        },
        "pycryptodome": {
            "hashes": [
                "sha256:1b52d5643e243a6d5ba4b5706e6ae59ee61b14e800ff812c1e47ec4dfe8e4761",
                "sha256:234c416c8ae31b4ffab57bf89e4b2812687f247263a90dbadc540ec511a2837d",
                "sha256:4e83913f03358e66ec675d5963886335919e0c3efaadb4b6e920f44199fd2ab9",
                "sha256:6277eee3979f19d03d7d02a4d256c4a52a5958709720a060faeb716ea83f2d48",
                "sha256:6e09c84b9e4e97bd9b1c763f43e48d248e8733f597c7c9f8cefca658d9c9f6b9",
                "sha256:76d03ca52cf61a0d21e161c251cd81f0c13494b6f6771cb934770fabceb58068",
                "sha256:ab96ff95cf879a57e2736f78238e2b731516f4b0e7c572b861d6b3eced42caf5",
                "sha256:ba62f6b9ae09a88cbe3328aa1ccc1696462d489c92f73920ec473773f2f92f84",
                "sha256:c292deeca9176c162e5a8e19be9c60edb99e855dbad3ea032f94e23249873ba6"
            ],
            "index": "pypi",
            "version": "==3.3.1"
        },
        "pydantic": {
            "hashes": [
                "sha256:1724517b6205ce02be6b8f8bf70ec9cb52b94cf40ab9dec7a7609bcf5254e2d2",
                "sha256:17c199147b4f1d43f40ee7e735ccaff45f09e90ad54cebff8676bedb4f159634",
                "sha256:1d9a6484f1690c94ee7851f74a75eae41980b9f07b8931e14225c050a5eaa821",
                "sha256:22ed6db2a6d6b40350078eb3bb71e6923e4e994678feda220d28f1c30da0b8da",
                "sha256:38ee226f71dfbb7b91bc3d8af9932bf18c7505e57f7ed442e8cb78ff35c006a7",
                "sha256:471ef129991cc2c965bef11eacb4bd5451baa0b60b4bbe1bc47e40a760facb88",
                "sha256:7d0d84401597734097a9c4681556769168de3d1acfc14fdc5c13e523414f9ecc",
                "sha256:7feac9bd1078adf7ae705c8c092b3ea5ada05318b38fd5e708cfce9f167dbeb8",
                "sha256:8bd368a22f6a8dce262f7672c2cf06460a6ab0486fbfa8f6482d325d34277075",
                "sha256:8e30ee558b295ef12572d0a9a3a35a2d33115f280e051e0b816c4b2448f0cb63",
                "sha256:9143f236e1969a501bbedbeb70aa6e85b6940fc84a06effba620620d68c2bee6",
                "sha256:a3087623f8aa1795ebc3a69eb94683772db0943a4adef1bf5e9553effaafea93",
                "sha256:afe2cafc41249464ad42cf2302128baa796f037099fc3b9eaa54d1b873529c67",
                "sha256:b6d70d28aef95cebd8761818b4dfeb6bdbb71a68c1f4beb8983f083c630d57ee",
                "sha256:bc1fca601c7c67231464f0be5594942ec7da9ba3a4ee2e3533f02802a7cc8e65",
                "sha256:caa14909e26c69585628dcc5c97d5a26bcc447eca4baaf3a646a9919ff91ac69",
                "sha256:d024440c27d4d0fb862b279e43d2b3f5c5e5680e0627de8f7ca60e471457032e",
                "sha256:d5a131a5be9eee7172b98c680dc26f2382e66071c4848eb310c3cce00aeee4df",
                "sha256:e43b66bf115860e7ef10efb8dd07a831d57c38df1efe475789c34c55067fb7fd",
                "sha256:e687492a769f13c8c96f8c657720a41137be65b8682a6fce5241e0a37d500bc4",
                "sha256:f0747f01aa95f1c561e6e64f8e06433d37ea4ac386519bcaddfd8f18e3ebc6fc",
                "sha256:fde17f99d1610c9b5129f5b37d9ae6d549e0cc6108df991e2c14c7c99d406a89"
            ],
            "version": "==1.7"
        },
        "pyjwt": {
            "hashes": [
                "sha256:5c6eca3c2940464d106b99ba83b00c6add741c9becaec087fb7ccdefea71350e",
                "sha256:8d59a976fb773f3e6a39c85636357c4f0e242707394cadadd9814f5cbaa20e96"
            ],
            "index": "pypi",
            "version": "==1.7.1"
        },
        "python-dotenv": {
            "hashes": [
                "sha256:81822227f771e0cab235a2939f0f265954ac4763cafd806d845801c863bf372f",
                "sha256:92b3123fb2d58a284f76cc92bfe4ee6c502c32ded73e8b051c4f6afc8b6751ed"
            ],
            "index": "pypi",
            "version": "==0.12.0"
        },
        "python-jose": {
            "hashes": [
                "sha256:1ac4caf4bfebd5a70cf5bd82702ed850db69b0b6e1d0ae7368e5f99ac01c9571",
                "sha256:8484b7fdb6962e9d242cce7680469ecf92bda95d10bbcbbeb560cacdff3abfce"
            ],
            "index": "pypi",
            "version": "==3.1.0"
        },
        "python-jose-cryptodome": {
            "hashes": [
                "sha256:4c42416ae9cf06cab312bc2f236099647162cc61f4376d3c8af60e465a5b5697",
                "sha256:9226693ee9ff52795ea8bfc70e0b77c62dca9a0f0fcbf9635c248d190211826e"
            ],
            "index": "pypi",
            "version": "==1.3.2"
        },
        "python-multipart": {
            "hashes": [
                "sha256:f7bb5f611fc600d15fa47b3974c8aa16e93724513b49b5f95c81e6624c83fa43"
            ],
            "version": "==0.0.5"
        },
        "pyyaml": {
            "hashes": [
                "sha256:06a0d7ba600ce0b2d2fe2e78453a470b5a6e000a985dd4a4e54e436cc36b0e97",
                "sha256:240097ff019d7c70a4922b6869d8a86407758333f02203e0fc6ff79c5dcede76",
                "sha256:4f4b913ca1a7319b33cfb1369e91e50354d6f07a135f3b901aca02aa95940bd2",
                "sha256:69f00dca373f240f842b2931fb2c7e14ddbacd1397d57157a9b005a6a9942648",
                "sha256:73f099454b799e05e5ab51423c7bcf361c58d3206fa7b0d555426b1f4d9a3eaf",
                "sha256:74809a57b329d6cc0fdccee6318f44b9b8649961fa73144a98735b0aaf029f1f",
                "sha256:7739fc0fa8205b3ee8808aea45e968bc90082c10aef6ea95e855e10abf4a37b2",
                "sha256:95f71d2af0ff4227885f7a6605c37fd53d3a106fcab511b8860ecca9fcf400ee",
                "sha256:b8eac752c5e14d3eca0e6dd9199cd627518cb5ec06add0de9d32baeee6fe645d",
                "sha256:cc8955cfbfc7a115fa81d85284ee61147059a753344bc51098f3ccd69b0d7e0c",
                "sha256:d13155f591e6fcc1ec3b30685d50bf0711574e2c0dfffd7644babf8b5102ca1a"
            ],
            "version": "==5.3.1"
        },
        "requests": {
            "hashes": [
                "sha256:43999036bfa82904b6af1d99e4882b560e5e2c68e5c4b0aa03b655f3d7d73fee",
                "sha256:b3f43d496c6daba4493e7c431722aeb7dbc6288f52a6e04e7b6023b0247817e6"
            ],
            "index": "pypi",
            "version": "==2.23.0"
        },
        "rsa": {
            "hashes": [
                "sha256:109ea5a66744dd859bf16fe904b8d8b627adafb9408753161e766a92e7d681fa",
                "sha256:6166864e23d6b5195a5cfed6cd9fed0fe774e226d8f854fcb23b7bbef0350233"
            ],
            "version": "==4.6"
        },
        "rx": {
            "hashes": [
                "sha256:13a1d8d9e252625c173dc795471e614eadfe1cf40ffc684e08b8fff0d9748c23",
                "sha256:7357592bc7e881a95e0c2013b73326f704953301ab551fbc8133a6fadab84105"
            ],
            "version": "==1.6.1"
        },
        "six": {
            "hashes": [
                "sha256:236bdbdce46e6e6a3d61a337c0f8b763ca1e8717c03b369e87a7ec7ce1319c0a",
                "sha256:8f3cd2e254d8f793e7f3d6d9df77b92252b52637291d0f0da013c76ea2724b6c"
            ],
            "index": "pypi",
            "version": "==1.14.0"
        },
        "starlette": {
            "hashes": [
                "sha256:6169ee78ded501095d1dda7b141a1dc9f9934d37ad23196e180150ace2c6449b",
                "sha256:a9bb130fa7aa736eda8a814b6ceb85ccf7a209ed53843d0d61e246b380afa10f"
            ],
            "version": "==0.13.2"
        },
        "typing-extensions": {
            "hashes": [
                "sha256:7cb407020f00f7bfc3cb3e7881628838e69d8f3fcab2f64742a5e76b2f841918",
                "sha256:99d4073b617d30288f569d3f13d2bd7548c3a7e4c8de87db09a9d29bb3a4a60c",
                "sha256:dafc7639cde7f1b6e1acc0f457842a83e722ccca8eef5270af2d74792619a89f"
            ],
            "markers": "python_version < '3.8'",
            "version": "==3.7.4.3"
        },
        "ujson": {
            "hashes": [
                "sha256:078808c385036cba73cad96f498310c61e9b5ae5ac9ea01e7c3996ece544b556",
                "sha256:0a2e1b211714eb1ec0772a013ec9967f8f95f21c84e8f46382e9f8a32ae781fe",
                "sha256:0f412c3f59b1ab0f40018235224ca0cf29232d0201ff5085618565a8a9c810ed",
                "sha256:26cf6241b36ff5ce4539ae687b6b02673109c5e3efc96148806a7873eaa229d3",
                "sha256:2b2d9264ac76aeb11f590f7a1ccff0689ba1313adacbb6d38d3b15f21a392897",
                "sha256:4f12b0b4e235b35d49f15227b0a827e614c52dda903c58a8f5523936c233dfc7",
                "sha256:4fe8c6112b732cba5a722f7cbe22f18d405f6f44415794a5b46473a477635233",
                "sha256:51480048373cf97a6b97fcd70c3586ca0a31f27e22ab680fb14c1f22bedbf743",
                "sha256:568bb3e7f035006147af4ce3a9ced7d126c92e1a8607c7b2266007b1c1162c53",
                "sha256:5fe1536465b1c86e32a47113abd3178001b7c2dcd61f95f336fe2febf4661e74",
                "sha256:71703a269f074ff65b9d7746662e4b3e76a4af443e532218af1e8ce15d9b1e7b",
                "sha256:7a1545ac2476db4cc1f0f236603ccbb50991fc1bba480cda1bc06348cc2a2bf0",
                "sha256:a5200a68f1dcf3ce275e1cefbcfa3914b70c2b5e2f71c2e31556aa1f7244c845",
                "sha256:a618af22407baeadb3f046f81e7a5ee5e9f8b0b716d2b564f92276a54d26a823",
                "sha256:a79bca47eafb31c74b38e68623bc9b2bb930cb48fab1af31c8f2cb68cf473421",
                "sha256:b87379a3f8046d6d111762d81f3384bf38ab24b1535c841fe867a4a097d84523",
                "sha256:bd4c77aee3ffb920e2dbc21a9e0c7945a400557ce671cfd57dbd569f5ebc619d",
                "sha256:c354c1617b0a4378b6279d0cd511b769500cf3fa7c42e8e004cbbbb6b4c2a875",
                "sha256:c604024bd853b5df6be7d933e934da8dd139e6159564db7c55b92a9937678093",
                "sha256:e7ab24942b2d57920d75b817b8eead293026db003247e26f99506bdad86c61b4",
                "sha256:f8a60928737a9a47e692fcd661ef2b5d75ba22c7c930025bd95e338f2a6e15bc"
            ],
            "version": "==4.0.1"
        },
        "urllib3": {
            "hashes": [
                "sha256:8d7eaa5a82a1cac232164990f04874c594c9453ec55eef02eab885aa02fc17a2",
                "sha256:f5321fbe4bf3fefa0efd0bfe7fb14e90909eb62a48ccda331726b4319897dd5e"
            ],
            "version": "==1.25.11"
        },
        "uvicorn": {
            "hashes": [
                "sha256:8ff7495c74b8286a341526ff9efa3988ebab9a4b2f561c7438c3cb420992d7dd",
                "sha256:e5dbed4a8a44c7b04376021021d63798d6a7bcfae9c654a0b153577b93854fba"
            ],
            "version": "==0.12.2"
        }
    },
    "develop": {}
}
